
Microsoft Visual Studio Solution File, Format Version 12.00
# Visual Studio 14
VisualStudioVersion = 14.0.24720.0
MinimumVisualStudioVersion = 10.0.40219.1
Project("{D954291E-2A0B-460D-934E-DC6B0785DB48}") = "DinkPDN.Common", "DinkPDN.Common\DinkPDN.Common.shproj", "{AF2EDC76-C2C1-4858-854C-EDFBA8F5F8B3}"
EndProject
Project("{D954291E-2A0B-460D-934E-DC6B0785DB48}") = "DinkPDN.Effects.Simple", "DinkPDN.Effects.Simple\DinkPDN.Effects.Simple.shproj", "{F0963C91-A917-494A-A6B8-CA13B285CF15}"
EndProject
Project("{FAE04EC0-301F-11D3-BF4B-00C04F79EFBC}") = "ColorCut", "ColorCut\ColorCut.csproj", "{6ED22191-2C6E-4A24-81FF-C04AAF54C9D8}"
EndProject
Project("{FAE04EC0-301F-11D3-BF4B-00C04F79EFBC}") = "Tests", "Tests\Tests.csproj", "{1A99602D-E825-4EB5-B859-0282D40BA82A}"
EndProject
Project("{D954291E-2A0B-460D-934E-DC6B0785DB48}") = "DinkPDN.Plotting", "DinkPDN.Plotting\DinkPDN.Plotting.shproj", "{1D2B493D-EE11-46C2-8105-CD53DAFBB491}"
EndProject
Project("{FAE04EC0-301F-11D3-BF4B-00C04F79EFBC}") = "TestAssembly", "TestAssembly\TestAssembly.csproj", "{45058A81-4B9B-41B7-8427-9CE380C6A7BF}"
EndProject
Project("{FAE04EC0-301F-11D3-BF4B-00C04F79EFBC}") = "BlendSeams", "BlendSeams\BlendSeams.csproj", "{1FFF7C5A-4F7D-4246-A576-0760AC6A0F7A}"
EndProject
Project("{FAE04EC0-301F-11D3-BF4B-00C04F79EFBC}") = "Tile", "Tile\Tile.csproj", "{D11538FE-9B1A-4617-BD9B-A2DD64250A98}"
EndProject
Project("{D954291E-2A0B-460D-934E-DC6B0785DB48}") = "DinkPDN.Effects.UI", "DinkPDN.Effects.UI\DinkPDN.Effects.UI.shproj", "{9BD22691-F10A-4534-A801-61D2E4A2A1DB}"
EndProject
Global
	GlobalSection(SharedMSBuildProjectFiles) = preSolution
		DinkPDN.Common\DinkPDN.Common.projitems*{af2edc76-c2c1-4858-854c-edfba8f5f8b3}*SharedItemsImports = 13
		DinkPDN.Common\DinkPDN.Common.projitems*{6ed22191-2c6e-4a24-81ff-c04aaf54c9d8}*SharedItemsImports = 4
		DinkPDN.Effects.Simple\DinkPDN.Effects.Simple.projitems*{6ed22191-2c6e-4a24-81ff-c04aaf54c9d8}*SharedItemsImports = 4
		DinkPDN.Plotting\DinkPDN.Plotting.projitems*{45058a81-4b9b-41b7-8427-9ce380c6a7bf}*SharedItemsImports = 4
		DinkPDN.Effects.Simple\DinkPDN.Effects.Simple.projitems*{f0963c91-a917-494a-a6b8-ca13b285cf15}*SharedItemsImports = 13
		DinkPDN.Common\DinkPDN.Common.projitems*{d11538fe-9b1a-4617-bd9b-a2dd64250a98}*SharedItemsImports = 4
		DinkPDN.Effects.UI\DinkPDN.Effects.UI.projitems*{d11538fe-9b1a-4617-bd9b-a2dd64250a98}*SharedItemsImports = 4
		DinkPDN.Effects.Simple\DinkPDN.Effects.Simple.projitems*{d11538fe-9b1a-4617-bd9b-a2dd64250a98}*SharedItemsImports = 4
		DinkPDN.Effects.UI\DinkPDN.Effects.UI.projitems*{9bd22691-f10a-4534-a801-61d2e4a2a1db}*SharedItemsImports = 13
		DinkPDN.Plotting\DinkPDN.Plotting.projitems*{1d2b493d-ee11-46c2-8105-cd53dafbb491}*SharedItemsImports = 13
		DinkPDN.Common\DinkPDN.Common.projitems*{1fff7c5a-4f7d-4246-a576-0760ac6a0f7a}*SharedItemsImports = 4
		DinkPDN.Effects.Simple\DinkPDN.Effects.Simple.projitems*{1fff7c5a-4f7d-4246-a576-0760ac6a0f7a}*SharedItemsImports = 4
	EndGlobalSection
	GlobalSection(SolutionConfigurationPlatforms) = preSolution
		Debug|Any CPU = Debug|Any CPU
		Release|Any CPU = Release|Any CPU
	EndGlobalSection
	GlobalSection(ProjectConfigurationPlatforms) = postSolution
		{6ED22191-2C6E-4A24-81FF-C04AAF54C9D8}.Debug|Any CPU.ActiveCfg = Debug|Any CPU
		{6ED22191-2C6E-4A24-81FF-C04AAF54C9D8}.Debug|Any CPU.Build.0 = Debug|Any CPU
		{6ED22191-2C6E-4A24-81FF-C04AAF54C9D8}.Release|Any CPU.ActiveCfg = Release|Any CPU
		{6ED22191-2C6E-4A24-81FF-C04AAF54C9D8}.Release|Any CPU.Build.0 = Release|Any CPU
		{1A99602D-E825-4EB5-B859-0282D40BA82A}.Debug|Any CPU.ActiveCfg = Debug|Any CPU
		{1A99602D-E825-4EB5-B859-0282D40BA82A}.Debug|Any CPU.Build.0 = Debug|Any CPU
		{1A99602D-E825-4EB5-B859-0282D40BA82A}.Release|Any CPU.ActiveCfg = Release|Any CPU
		{1A99602D-E825-4EB5-B859-0282D40BA82A}.Release|Any CPU.Build.0 = Release|Any CPU
		{45058A81-4B9B-41B7-8427-9CE380C6A7BF}.Debug|Any CPU.ActiveCfg = Debug|Any CPU
		{45058A81-4B9B-41B7-8427-9CE380C6A7BF}.Debug|Any CPU.Build.0 = Debug|Any CPU
		{45058A81-4B9B-41B7-8427-9CE380C6A7BF}.Release|Any CPU.ActiveCfg = Release|Any CPU
		{45058A81-4B9B-41B7-8427-9CE380C6A7BF}.Release|Any CPU.Build.0 = Release|Any CPU
		{1FFF7C5A-4F7D-4246-A576-0760AC6A0F7A}.Debug|Any CPU.ActiveCfg = Debug|Any CPU
		{1FFF7C5A-4F7D-4246-A576-0760AC6A0F7A}.Debug|Any CPU.Build.0 = Debug|Any CPU
		{1FFF7C5A-4F7D-4246-A576-0760AC6A0F7A}.Release|Any CPU.ActiveCfg = Release|Any CPU
		{1FFF7C5A-4F7D-4246-A576-0760AC6A0F7A}.Release|Any CPU.Build.0 = Release|Any CPU
		{D11538FE-9B1A-4617-BD9B-A2DD64250A98}.Debug|Any CPU.ActiveCfg = Debug|Any CPU
		{D11538FE-9B1A-4617-BD9B-A2DD64250A98}.Debug|Any CPU.Build.0 = Debug|Any CPU
		{D11538FE-9B1A-4617-BD9B-A2DD64250A98}.Release|Any CPU.ActiveCfg = Release|Any CPU
		{D11538FE-9B1A-4617-BD9B-A2DD64250A98}.Release|Any CPU.Build.0 = Release|Any CPU
	EndGlobalSection
	GlobalSection(SolutionProperties) = preSolution
		HideSolutionNode = FALSE
	EndGlobalSection
EndGlobal
